// !$*UTF8*$!
{
	archiveVersion = 1;
	classes = {
	};
	objectVersion = 50;
	objects = {

/* Begin PBXBuildFile section */
		7F96EB12222D0A6C007E4528 /* AppDelegate.swift in Sources */ = {isa = PBXBuildFile; fileRef = 7F96EB11222D0A6C007E4528 /* AppDelegate.swift */; };
		7F96EB14222D0A6C007E4528 /* ViewController.swift in Sources */ = {isa = PBXBuildFile; fileRef = 7F96EB13222D0A6C007E4528 /* ViewController.swift */; };
		7F96EB16222D0A6E007E4528 /* Assets.xcassets in Resources */ = {isa = PBXBuildFile; fileRef = 7F96EB15222D0A6E007E4528 /* Assets.xcassets */; };
		7F96EB19222D0A6E007E4528 /* Main.storyboard in Resources */ = {isa = PBXBuildFile; fileRef = 7F96EB17222D0A6E007E4528 /* Main.storyboard */; };
		7F96EB25222D0A6E007E4528 /* Life_MachineTests.swift in Sources */ = {isa = PBXBuildFile; fileRef = 7F96EB24222D0A6E007E4528 /* Life_MachineTests.swift */; };
		7F96EB30222D0A6E007E4528 /* Life_MachineUITests.swift in Sources */ = {isa = PBXBuildFile; fileRef = 7F96EB2F222D0A6E007E4528 /* Life_MachineUITests.swift */; };
		7F96EB3E222D0F0D007E4528 /* GraphView.swift in Sources */ = {isa = PBXBuildFile; fileRef = 7F96EB3D222D0F0D007E4528 /* GraphView.swift */; };
		7F9C324122337258003773E5 /* Organism.swift in Sources */ = {isa = PBXBuildFile; fileRef = 7F9C324022337258003773E5 /* Organism.swift */; };
		7FB9BBC92248C02000F237DB /* WindowController.swift in Sources */ = {isa = PBXBuildFile; fileRef = 7FB9BBC82248C02000F237DB /* WindowController.swift */; };
		7FDFBCF123B5E4CD0008AD7A /* Food.swift in Sources */ = {isa = PBXBuildFile; fileRef = 7FDFBCF023B5E4CD0008AD7A /* Food.swift */; };
		7FDFBCF323B9B0C10008AD7A /* RandomGenerator.swift in Sources */ = {isa = PBXBuildFile; fileRef = 7FDFBCF223B9B0C10008AD7A /* RandomGenerator.swift */; };
		7FDFBCF523BC52380008AD7A /* Statistics.swift in Sources */ = {isa = PBXBuildFile; fileRef = 7FDFBCF423BC52380008AD7A /* Statistics.swift */; };
		7FE4022323C1362900C7E0C3 /* Graphics.swift in Sources */ = {isa = PBXBuildFile; fileRef = 7FE4022223C1362900C7E0C3 /* Graphics.swift */; };
		7FE4022523C13B0F00C7E0C3 /* World.swift in Sources */ = {isa = PBXBuildFile; fileRef = 7FE4022423C13B0F00C7E0C3 /* World.swift */; };
		7FE4022723C175E700C7E0C3 /* Genealogy.swift in Sources */ = {isa = PBXBuildFile; fileRef = 7FE4022623C175E700C7E0C3 /* Genealogy.swift */; };
		7FE4022923C27E4400C7E0C3 /* Genome.swift in Sources */ = {isa = PBXBuildFile; fileRef = 7FE4022823C27E4400C7E0C3 /* Genome.swift */; };
/* End PBXBuildFile section */

/* Begin PBXContainerItemProxy section */
		7F96EB21222D0A6E007E4528 /* PBXContainerItemProxy */ = {
			isa = PBXContainerItemProxy;
			containerPortal = 7F96EB06222D0A6C007E4528 /* Project object */;
			proxyType = 1;
			remoteGlobalIDString = 7F96EB0D222D0A6C007E4528;
			remoteInfo = "Life Machine";
		};
		7F96EB2C222D0A6E007E4528 /* PBXContainerItemProxy */ = {
			isa = PBXContainerItemProxy;
			containerPortal = 7F96EB06222D0A6C007E4528 /* Project object */;
			proxyType = 1;
			remoteGlobalIDString = 7F96EB0D222D0A6C007E4528;
			remoteInfo = "Life Machine";
		};
/* End PBXContainerItemProxy section */

/* Begin PBXFileReference section */
		7F96EB0E222D0A6C007E4528 /* Life Machine.app */ = {isa = PBXFileReference; explicitFileType = wrapper.application; includeInIndex = 0; path = "Life Machine.app"; sourceTree = BUILT_PRODUCTS_DIR; };
		7F96EB11222D0A6C007E4528 /* AppDelegate.swift */ = {isa = PBXFileReference; lastKnownFileType = sourcecode.swift; path = AppDelegate.swift; sourceTree = "<group>"; };
		7F96EB13222D0A6C007E4528 /* ViewController.swift */ = {isa = PBXFileReference; lastKnownFileType = sourcecode.swift; path = ViewController.swift; sourceTree = "<group>"; };
		7F96EB15222D0A6E007E4528 /* Assets.xcassets */ = {isa = PBXFileReference; lastKnownFileType = folder.assetcatalog; path = Assets.xcassets; sourceTree = "<group>"; };
		7F96EB18222D0A6E007E4528 /* Base */ = {isa = PBXFileReference; lastKnownFileType = file.storyboard; name = Base; path = Base.lproj/Main.storyboard; sourceTree = "<group>"; };
		7F96EB1A222D0A6E007E4528 /* Info.plist */ = {isa = PBXFileReference; lastKnownFileType = text.plist.xml; path = Info.plist; sourceTree = "<group>"; };
		7F96EB1B222D0A6E007E4528 /* Life_Machine.entitlements */ = {isa = PBXFileReference; lastKnownFileType = text.plist.entitlements; path = Life_Machine.entitlements; sourceTree = "<group>"; };
		7F96EB20222D0A6E007E4528 /* Life MachineTests.xctest */ = {isa = PBXFileReference; explicitFileType = wrapper.cfbundle; includeInIndex = 0; path = "Life MachineTests.xctest"; sourceTree = BUILT_PRODUCTS_DIR; };
		7F96EB24222D0A6E007E4528 /* Life_MachineTests.swift */ = {isa = PBXFileReference; lastKnownFileType = sourcecode.swift; path = Life_MachineTests.swift; sourceTree = "<group>"; };
		7F96EB26222D0A6E007E4528 /* Info.plist */ = {isa = PBXFileReference; lastKnownFileType = text.plist.xml; path = Info.plist; sourceTree = "<group>"; };
		7F96EB2B222D0A6E007E4528 /* Life MachineUITests.xctest */ = {isa = PBXFileReference; explicitFileType = wrapper.cfbundle; includeInIndex = 0; path = "Life MachineUITests.xctest"; sourceTree = BUILT_PRODUCTS_DIR; };
		7F96EB2F222D0A6E007E4528 /* Life_MachineUITests.swift */ = {isa = PBXFileReference; lastKnownFileType = sourcecode.swift; path = Life_MachineUITests.swift; sourceTree = "<group>"; };
		7F96EB31222D0A6E007E4528 /* Info.plist */ = {isa = PBXFileReference; lastKnownFileType = text.plist.xml; path = Info.plist; sourceTree = "<group>"; };
		7F96EB3D222D0F0D007E4528 /* GraphView.swift */ = {isa = PBXFileReference; lastKnownFileType = sourcecode.swift; path = GraphView.swift; sourceTree = "<group>"; };
		7F9C324022337258003773E5 /* Organism.swift */ = {isa = PBXFileReference; lastKnownFileType = sourcecode.swift; path = Organism.swift; sourceTree = "<group>"; };
		7FB9BBC82248C02000F237DB /* WindowController.swift */ = {isa = PBXFileReference; lastKnownFileType = sourcecode.swift; path = WindowController.swift; sourceTree = "<group>"; };
		7FDFBCF023B5E4CD0008AD7A /* Food.swift */ = {isa = PBXFileReference; lastKnownFileType = sourcecode.swift; path = Food.swift; sourceTree = "<group>"; };
		7FDFBCF223B9B0C10008AD7A /* RandomGenerator.swift */ = {isa = PBXFileReference; lastKnownFileType = sourcecode.swift; path = RandomGenerator.swift; sourceTree = "<group>"; };
		7FDFBCF423BC52380008AD7A /* Statistics.swift */ = {isa = PBXFileReference; lastKnownFileType = sourcecode.swift; path = Statistics.swift; sourceTree = "<group>"; };
		7FE4022223C1362900C7E0C3 /* Graphics.swift */ = {isa = PBXFileReference; lastKnownFileType = sourcecode.swift; path = Graphics.swift; sourceTree = "<group>"; };
		7FE4022423C13B0F00C7E0C3 /* World.swift */ = {isa = PBXFileReference; lastKnownFileType = sourcecode.swift; path = World.swift; sourceTree = "<group>"; };
		7FE4022623C175E700C7E0C3 /* Genealogy.swift */ = {isa = PBXFileReference; lastKnownFileType = sourcecode.swift; path = Genealogy.swift; sourceTree = "<group>"; };
		7FE4022823C27E4400C7E0C3 /* Genome.swift */ = {isa = PBXFileReference; lastKnownFileType = sourcecode.swift; path = Genome.swift; sourceTree = "<group>"; };
/* End PBXFileReference section */

/* Begin PBXFrameworksBuildPhase section */
		7F96EB0B222D0A6C007E4528 /* Frameworks */ = {
			isa = PBXFrameworksBuildPhase;
			buildActionMask = 2147483647;
			files = (
			);
			runOnlyForDeploymentPostprocessing = 0;
		};
		7F96EB1D222D0A6E007E4528 /* Frameworks */ = {
			isa = PBXFrameworksBuildPhase;
			buildActionMask = 2147483647;
			files = (
			);
			runOnlyForDeploymentPostprocessing = 0;
		};
		7F96EB28222D0A6E007E4528 /* Frameworks */ = {
			isa = PBXFrameworksBuildPhase;
			buildActionMask = 2147483647;
			files = (
			);
			runOnlyForDeploymentPostprocessing = 0;
		};
/* End PBXFrameworksBuildPhase section */

/* Begin PBXGroup section */
		7F96EB05222D0A6C007E4528 = {
			isa = PBXGroup;
			children = (
				7F96EB10222D0A6C007E4528 /* Life Machine */,
				7F96EB23222D0A6E007E4528 /* Life MachineTests */,
				7F96EB2E222D0A6E007E4528 /* Life MachineUITests */,
				7F96EB0F222D0A6C007E4528 /* Products */,
			);
			sourceTree = "<group>";
		};
		7F96EB0F222D0A6C007E4528 /* Products */ = {
			isa = PBXGroup;
			children = (
				7F96EB0E222D0A6C007E4528 /* Life Machine.app */,
				7F96EB20222D0A6E007E4528 /* Life MachineTests.xctest */,
				7F96EB2B222D0A6E007E4528 /* Life MachineUITests.xctest */,
			);
			name = Products;
			sourceTree = "<group>";
		};
		7F96EB10222D0A6C007E4528 /* Life Machine */ = {
			isa = PBXGroup;
			children = (
				7F96EB11222D0A6C007E4528 /* AppDelegate.swift */,
				7F96EB13222D0A6C007E4528 /* ViewController.swift */,
				7FB9BBC82248C02000F237DB /* WindowController.swift */,
				7F96EB15222D0A6E007E4528 /* Assets.xcassets */,
				7F96EB17222D0A6E007E4528 /* Main.storyboard */,
				7F96EB1A222D0A6E007E4528 /* Info.plist */,
				7F96EB1B222D0A6E007E4528 /* Life_Machine.entitlements */,
				7F96EB3D222D0F0D007E4528 /* GraphView.swift */,
				7F9C324022337258003773E5 /* Organism.swift */,
				7FDFBCF023B5E4CD0008AD7A /* Food.swift */,
				7FDFBCF223B9B0C10008AD7A /* RandomGenerator.swift */,
				7FDFBCF423BC52380008AD7A /* Statistics.swift */,
				7FE4022223C1362900C7E0C3 /* Graphics.swift */,
				7FE4022423C13B0F00C7E0C3 /* World.swift */,
				7FE4022623C175E700C7E0C3 /* Genealogy.swift */,
				7FE4022823C27E4400C7E0C3 /* Genome.swift */,
			);
			path = "Life Machine";
			sourceTree = "<group>";
		};
		7F96EB23222D0A6E007E4528 /* Life MachineTests */ = {
			isa = PBXGroup;
			children = (
				7F96EB24222D0A6E007E4528 /* Life_MachineTests.swift */,
				7F96EB26222D0A6E007E4528 /* Info.plist */,
			);
			path = "Life MachineTests";
			sourceTree = "<group>";
		};
		7F96EB2E222D0A6E007E4528 /* Life MachineUITests */ = {
			isa = PBXGroup;
			children = (
				7F96EB2F222D0A6E007E4528 /* Life_MachineUITests.swift */,
				7F96EB31222D0A6E007E4528 /* Info.plist */,
			);
			path = "Life MachineUITests";
			sourceTree = "<group>";
		};
/* End PBXGroup section */

/* Begin PBXNativeTarget section */
		7F96EB0D222D0A6C007E4528 /* Life Machine */ = {
			isa = PBXNativeTarget;
			buildConfigurationList = 7F96EB34222D0A6E007E4528 /* Build configuration list for PBXNativeTarget "Life Machine" */;
			buildPhases = (
				7F96EB0A222D0A6C007E4528 /* Sources */,
				7F96EB0B222D0A6C007E4528 /* Frameworks */,
				7F96EB0C222D0A6C007E4528 /* Resources */,
			);
			buildRules = (
			);
			dependencies = (
			);
			name = "Life Machine";
			productName = "Life Machine";
			productReference = 7F96EB0E222D0A6C007E4528 /* Life Machine.app */;
			productType = "com.apple.product-type.application";
		};
		7F96EB1F222D0A6E007E4528 /* Life MachineTests */ = {
			isa = PBXNativeTarget;
			buildConfigurationList = 7F96EB37222D0A6E007E4528 /* Build configuration list for PBXNativeTarget "Life MachineTests" */;
			buildPhases = (
				7F96EB1C222D0A6E007E4528 /* Sources */,
				7F96EB1D222D0A6E007E4528 /* Frameworks */,
				7F96EB1E222D0A6E007E4528 /* Resources */,
			);
			buildRules = (
			);
			dependencies = (
				7F96EB22222D0A6E007E4528 /* PBXTargetDependency */,
			);
			name = "Life MachineTests";
			productName = "Life MachineTests";
			productReference = 7F96EB20222D0A6E007E4528 /* Life MachineTests.xctest */;
			productType = "com.apple.product-type.bundle.unit-test";
		};
		7F96EB2A222D0A6E007E4528 /* Life MachineUITests */ = {
			isa = PBXNativeTarget;
			buildConfigurationList = 7F96EB3A222D0A6E007E4528 /* Build configuration list for PBXNativeTarget "Life MachineUITests" */;
			buildPhases = (
				7F96EB27222D0A6E007E4528 /* Sources */,
				7F96EB28222D0A6E007E4528 /* Frameworks */,
				7F96EB29222D0A6E007E4528 /* Resources */,
			);
			buildRules = (
			);
			dependencies = (
				7F96EB2D222D0A6E007E4528 /* PBXTargetDependency */,
			);
			name = "Life MachineUITests";
			productName = "Life MachineUITests";
			productReference = 7F96EB2B222D0A6E007E4528 /* Life MachineUITests.xctest */;
			productType = "com.apple.product-type.bundle.ui-testing";
		};
/* End PBXNativeTarget section */

/* Begin PBXProject section */
		7F96EB06222D0A6C007E4528 /* Project object */ = {
			isa = PBXProject;
			attributes = {
				LastSwiftUpdateCheck = 1010;
				LastUpgradeCheck = 1110;
				ORGANIZATIONNAME = "Shawn Hamman";
				TargetAttributes = {
					7F96EB0D222D0A6C007E4528 = {
						CreatedOnToolsVersion = 10.1;
						LastSwiftMigration = 1020;
					};
					7F96EB1F222D0A6E007E4528 = {
						CreatedOnToolsVersion = 10.1;
						LastSwiftMigration = 1020;
						TestTargetID = 7F96EB0D222D0A6C007E4528;
					};
					7F96EB2A222D0A6E007E4528 = {
						CreatedOnToolsVersion = 10.1;
						LastSwiftMigration = 1020;
						TestTargetID = 7F96EB0D222D0A6C007E4528;
					};
				};
			};
			buildConfigurationList = 7F96EB09222D0A6C007E4528 /* Build configuration list for PBXProject "Life Machine" */;
			compatibilityVersion = "Xcode 9.3";
			developmentRegion = en;
			hasScannedForEncodings = 0;
			knownRegions = (
				en,
				Base,
			);
			mainGroup = 7F96EB05222D0A6C007E4528;
			productRefGroup = 7F96EB0F222D0A6C007E4528 /* Products */;
			projectDirPath = "";
			projectRoot = "";
			targets = (
				7F96EB0D222D0A6C007E4528 /* Life Machine */,
				7F96EB1F222D0A6E007E4528 /* Life MachineTests */,
				7F96EB2A222D0A6E007E4528 /* Life MachineUITests */,
			);
		};
/* End PBXProject section */

/* Begin PBXResourcesBuildPhase section */
		7F96EB0C222D0A6C007E4528 /* Resources */ = {
			isa = PBXResourcesBuildPhase;
			buildActionMask = 2147483647;
			files = (
				7F96EB16222D0A6E007E4528 /* Assets.xcassets in Resources */,
				7F96EB19222D0A6E007E4528 /* Main.storyboard in Resources */,
			);
			runOnlyForDeploymentPostprocessing = 0;
		};
		7F96EB1E222D0A6E007E4528 /* Resources */ = {
			isa = PBXResourcesBuildPhase;
			buildActionMask = 2147483647;
			files = (
			);
			runOnlyForDeploymentPostprocessing = 0;
		};
		7F96EB29222D0A6E007E4528 /* Resources */ = {
			isa = PBXResourcesBuildPhase;
			buildActionMask = 2147483647;
			files = (
			);
			runOnlyForDeploymentPostprocessing = 0;
		};
/* End PBXResourcesBuildPhase section */

/* Begin PBXSourcesBuildPhase section */
		7F96EB0A222D0A6C007E4528 /* Sources */ = {
			isa = PBXSourcesBuildPhase;
			buildActionMask = 2147483647;
			files = (
				7FDFBCF323B9B0C10008AD7A /* RandomGenerator.swift in Sources */,
				7F96EB14222D0A6C007E4528 /* ViewController.swift in Sources */,
				7FB9BBC92248C02000F237DB /* WindowController.swift in Sources */,
				7F9C324122337258003773E5 /* Organism.swift in Sources */,
				7FE4022523C13B0F00C7E0C3 /* World.swift in Sources */,
				7F96EB12222D0A6C007E4528 /* AppDelegate.swift in Sources */,
				7F96EB3E222D0F0D007E4528 /* GraphView.swift in Sources */,
				7FE4022323C1362900C7E0C3 /* Graphics.swift in Sources */,
				7FDFBCF523BC52380008AD7A /* Statistics.swift in Sources */,
				7FE4022723C175E700C7E0C3 /* Genealogy.swift in Sources */,
				7FE4022923C27E4400C7E0C3 /* Genome.swift in Sources */,
				7FDFBCF123B5E4CD0008AD7A /* Food.swift in Sources */,
			);
			runOnlyForDeploymentPostprocessing = 0;
		};
		7F96EB1C222D0A6E007E4528 /* Sources */ = {
			isa = PBXSourcesBuildPhase;
			buildActionMask = 2147483647;
			files = (
				7F96EB25222D0A6E007E4528 /* Life_MachineTests.swift in Sources */,
			);
			runOnlyForDeploymentPostprocessing = 0;
		};
		7F96EB27222D0A6E007E4528 /* Sources */ = {
			isa = PBXSourcesBuildPhase;
			buildActionMask = 2147483647;
			files = (
				7F96EB30222D0A6E007E4528 /* Life_MachineUITests.swift in Sources */,
			);
			runOnlyForDeploymentPostprocessing = 0;
		};
/* End PBXSourcesBuildPhase section */

/* Begin PBXTargetDependency section */
		7F96EB22222D0A6E007E4528 /* PBXTargetDependency */ = {
			isa = PBXTargetDependency;
			target = 7F96EB0D222D0A6C007E4528 /* Life Machine */;
			targetProxy = 7F96EB21222D0A6E007E4528 /* PBXContainerItemProxy */;
		};
		7F96EB2D222D0A6E007E4528 /* PBXTargetDependency */ = {
			isa = PBXTargetDependency;
			target = 7F96EB0D222D0A6C007E4528 /* Life Machine */;
			targetProxy = 7F96EB2C222D0A6E007E4528 /* PBXContainerItemProxy */;
		};
/* End PBXTargetDependency section */

/* Begin PBXVariantGroup section */
		7F96EB17222D0A6E007E4528 /* Main.storyboard */ = {
			isa = PBXVariantGroup;
			children = (
				7F96EB18222D0A6E007E4528 /* Base */,
			);
			name = Main.storyboard;
			sourceTree = "<group>";
		};
/* End PBXVariantGroup section */

/* Begin XCBuildConfiguration section */
		7F96EB32222D0A6E007E4528 /* Debug */ = {
			isa = XCBuildConfiguration;
			buildSettings = {
				ALWAYS_SEARCH_USER_PATHS = NO;
				CLANG_ANALYZER_NONNULL = YES;
				CLANG_ANALYZER_NUMBER_OBJECT_CONVERSION = YES_AGGRESSIVE;
				CLANG_CXX_LANGUAGE_STANDARD = "gnu++14";
				CLANG_CXX_LIBRARY = "libc++";
				CLANG_ENABLE_MODULES = YES;
				CLANG_ENABLE_OBJC_ARC = YES;
				CLANG_ENABLE_OBJC_WEAK = YES;
				CLANG_WARN_BLOCK_CAPTURE_AUTORELEASING = YES;
				CLANG_WARN_BOOL_CONVERSION = YES;
				CLANG_WARN_COMMA = YES;
				CLANG_WARN_CONSTANT_CONVERSION = YES;
				CLANG_WARN_DEPRECATED_OBJC_IMPLEMENTATIONS = YES;
				CLANG_WARN_DIRECT_OBJC_ISA_USAGE = YES_ERROR;
				CLANG_WARN_DOCUMENTATION_COMMENTS = YES;
				CLANG_WARN_EMPTY_BODY = YES;
				CLANG_WARN_ENUM_CONVERSION = YES;
				CLANG_WARN_INFINITE_RECURSION = YES;
				CLANG_WARN_INT_CONVERSION = YES;
				CLANG_WARN_NON_LITERAL_NULL_CONVERSION = YES;
				CLANG_WARN_OBJC_IMPLICIT_RETAIN_SELF = YES;
				CLANG_WARN_OBJC_LITERAL_CONVERSION = YES;
				CLANG_WARN_OBJC_ROOT_CLASS = YES_ERROR;
				CLANG_WARN_RANGE_LOOP_ANALYSIS = YES;
				CLANG_WARN_STRICT_PROTOTYPES = YES;
				CLANG_WARN_SUSPICIOUS_MOVE = YES;
				CLANG_WARN_UNGUARDED_AVAILABILITY = YES_AGGRESSIVE;
				CLANG_WARN_UNREACHABLE_CODE = YES;
				CLANG_WARN__DUPLICATE_METHOD_MATCH = YES;
				CODE_SIGN_IDENTITY = "Mac Developer";
				COPY_PHASE_STRIP = NO;
				DEBUG_INFORMATION_FORMAT = dwarf;
				ENABLE_STRICT_OBJC_MSGSEND = YES;
				ENABLE_TESTABILITY = YES;
				GCC_C_LANGUAGE_STANDARD = gnu11;
				GCC_DYNAMIC_NO_PIC = NO;
				GCC_NO_COMMON_BLOCKS = YES;
				GCC_OPTIMIZATION_LEVEL = 0;
				GCC_PREPROCESSOR_DEFINITIONS = (
					"DEBUG=1",
					"$(inherited)",
				);
				GCC_WARN_64_TO_32_BIT_CONVERSION = YES;
				GCC_WARN_ABOUT_RETURN_TYPE = YES_ERROR;
				GCC_WARN_UNDECLARED_SELECTOR = YES;
				GCC_WARN_UNINITIALIZED_AUTOS = YES_AGGRESSIVE;
				GCC_WARN_UNUSED_FUNCTION = YES;
				GCC_WARN_UNUSED_VARIABLE = YES;
				MACOSX_DEPLOYMENT_TARGET = 10.14;
				MTL_ENABLE_DEBUG_INFO = INCLUDE_SOURCE;
				MTL_FAST_MATH = YES;
				ONLY_ACTIVE_ARCH = YES;
				SDKROOT = macosx;
				SWIFT_ACTIVE_COMPILATION_CONDITIONS = DEBUG;
				SWIFT_OPTIMIZATION_LEVEL = "-Onone";
			};
			name = Debug;
		};
		7F96EB33222D0A6E007E4528 /* Release */ = {
			isa = XCBuildConfiguration;
			buildSettings = {
				ALWAYS_SEARCH_USER_PATHS = NO;
				CLANG_ANALYZER_NONNULL = YES;
				CLANG_ANALYZER_NUMBER_OBJECT_CONVERSION = YES_AGGRESSIVE;
				CLANG_CXX_LANGUAGE_STANDARD = "gnu++14";
				CLANG_CXX_LIBRARY = "libc++";
				CLANG_ENABLE_MODULES = YES;
				CLANG_ENABLE_OBJC_ARC = YES;
				CLANG_ENABLE_OBJC_WEAK = YES;
				CLANG_WARN_BLOCK_CAPTURE_AUTORELEASING = YES;
				CLANG_WARN_BOOL_CONVERSION = YES;
				CLANG_WARN_COMMA = YES;
				CLANG_WARN_CONSTANT_CONVERSION = YES;
				CLANG_WARN_DEPRECATED_OBJC_IMPLEMENTATIONS = YES;
				CLANG_WARN_DIRECT_OBJC_ISA_USAGE = YES_ERROR;
				CLANG_WARN_DOCUMENTATION_COMMENTS = YES;
				CLANG_WARN_EMPTY_BODY = YES;
				CLANG_WARN_ENUM_CONVERSION = YES;
				CLANG_WARN_INFINITE_RECURSION = YES;
				CLANG_WARN_INT_CONVERSION = YES;
				CLANG_WARN_NON_LITERAL_NULL_CONVERSION = YES;
				CLANG_WARN_OBJC_IMPLICIT_RETAIN_SELF = YES;
				CLANG_WARN_OBJC_LITERAL_CONVERSION = YES;
				CLANG_WARN_OBJC_ROOT_CLASS = YES_ERROR;
				CLANG_WARN_RANGE_LOOP_ANALYSIS = YES;
				CLANG_WARN_STRICT_PROTOTYPES = YES;
				CLANG_WARN_SUSPICIOUS_MOVE = YES;
				CLANG_WARN_UNGUARDED_AVAILABILITY = YES_AGGRESSIVE;
				CLANG_WARN_UNREACHABLE_CODE = YES;
				CLANG_WARN__DUPLICATE_METHOD_MATCH = YES;
				CODE_SIGN_IDENTITY = "Mac Developer";
				COPY_PHASE_STRIP = NO;
				DEBUG_INFORMATION_FORMAT = "dwarf-with-dsym";
				ENABLE_NS_ASSERTIONS = NO;
				ENABLE_STRICT_OBJC_MSGSEND = YES;
				GCC_C_LANGUAGE_STANDARD = gnu11;
				GCC_NO_COMMON_BLOCKS = YES;
				GCC_WARN_64_TO_32_BIT_CONVERSION = YES;
				GCC_WARN_ABOUT_RETURN_TYPE = YES_ERROR;
				GCC_WARN_UNDECLARED_SELECTOR = YES;
				GCC_WARN_UNINITIALIZED_AUTOS = YES_AGGRESSIVE;
				GCC_WARN_UNUSED_FUNCTION = YES;
				GCC_WARN_UNUSED_VARIABLE = YES;
				MACOSX_DEPLOYMENT_TARGET = 10.14;
				MTL_ENABLE_DEBUG_INFO = NO;
				MTL_FAST_MATH = YES;
				SDKROOT = macosx;
				SWIFT_COMPILATION_MODE = wholemodule;
				SWIFT_OPTIMIZATION_LEVEL = "-O";
			};
			name = Release;
		};
		7F96EB35222D0A6E007E4528 /* Debug */ = {
			isa = XCBuildConfiguration;
			buildSettings = {
				ASSETCATALOG_COMPILER_APPICON_NAME = AppIcon;
				CODE_SIGN_ENTITLEMENTS = "Life Machine/Life_Machine.entitlements";
				CODE_SIGN_IDENTITY = "-";
				CODE_SIGN_STYLE = Automatic;
				COMBINE_HIDPI_IMAGES = YES;
				DEVELOPMENT_TEAM = 238U5ZFPU8;
				INFOPLIST_FILE = "Life Machine/Info.plist";
				LD_RUNPATH_SEARCH_PATHS = (
					"$(inherited)",
					"@executable_path/../Frameworks",
				);
				PRODUCT_BUNDLE_IDENTIFIER = "bitsparks.com.Life-Machine";
				PRODUCT_NAME = "$(TARGET_NAME)";
				SWIFT_VERSION = 5.0;
			};
			name = Debug;
		};
		7F96EB36222D0A6E007E4528 /* Release */ = {
			isa = XCBuildConfiguration;
			buildSettings = {
				ASSETCATALOG_COMPILER_APPICON_NAME = AppIcon;
				CODE_SIGN_ENTITLEMENTS = "Life Machine/Life_Machine.entitlements";
				CODE_SIGN_IDENTITY = "-";
				CODE_SIGN_STYLE = Automatic;
				COMBINE_HIDPI_IMAGES = YES;
				DEVELOPMENT_TEAM = 238U5ZFPU8;
				INFOPLIST_FILE = "Life Machine/Info.plist";
				LD_RUNPATH_SEARCH_PATHS = (
					"$(inherited)",
					"@executable_path/../Frameworks",
				);
				PRODUCT_BUNDLE_IDENTIFIER = "bitsparks.com.Life-Machine";
				PRODUCT_NAME = "$(TARGET_NAME)";
				SWIFT_VERSION = 5.0;
			};
			name = Release;
		};
		7F96EB38222D0A6E007E4528 /* Debug */ = {
			isa = XCBuildConfiguration;
			buildSettings = {
				ALWAYS_EMBED_SWIFT_STANDARD_LIBRARIES = YES;
				BUNDLE_LOADER = "$(TEST_HOST)";
				CODE_SIGN_STYLE = Automatic;
				COMBINE_HIDPI_IMAGES = YES;
				DEVELOPMENT_TEAM = 238U5ZFPU8;
				INFOPLIST_FILE = "Life MachineTests/Info.plist";
				LD_RUNPATH_SEARCH_PATHS = (
					"$(inherited)",
					"@executable_path/../Frameworks",
					"@loader_path/../Frameworks",
				);
				PRODUCT_BUNDLE_IDENTIFIER = "bitsparks.com.Life-MachineTests";
				PRODUCT_NAME = "$(TARGET_NAME)";
				SWIFT_VERSION = 5.0;
				TEST_HOST = "$(BUILT_PRODUCTS_DIR)/Life Machine.app/Contents/MacOS/Life Machine";
			};
			name = Debug;
		};
		7F96EB39222D0A6E007E4528 /* Release */ = {
			isa = XCBuildConfiguration;
			buildSettings = {
				ALWAYS_EMBED_SWIFT_STANDARD_LIBRARIES = YES;
				BUNDLE_LOADER = "$(TEST_HOST)";
				CODE_SIGN_STYLE = Automatic;
				COMBINE_HIDPI_IMAGES = YES;
				DEVELOPMENT_TEAM = 238U5ZFPU8;
				INFOPLIST_FILE = "Life MachineTests/Info.plist";
				LD_RUNPATH_SEARCH_PATHS = (
					"$(inherited)",
					"@executable_path/../Frameworks",
					"@loader_path/../Frameworks",
				);
				PRODUCT_BUNDLE_IDENTIFIER = "bitsparks.com.Life-MachineTests";
				PRODUCT_NAME = "$(TARGET_NAME)";
				SWIFT_VERSION = 5.0;
				TEST_HOST = "$(BUILT_PRODUCTS_DIR)/Life Machine.app/Contents/MacOS/Life Machine";
			};
			name = Release;
		};
		7F96EB3B222D0A6E007E4528 /* Debug */ = {
			isa = XCBuildConfiguration;
			buildSettings = {
				ALWAYS_EMBED_SWIFT_STANDARD_LIBRARIES = YES;
				CODE_SIGN_STYLE = Automatic;
				COMBINE_HIDPI_IMAGES = YES;
				DEVELOPMENT_TEAM = 238U5ZFPU8;
				INFOPLIST_FILE = "Life MachineUITests/Info.plist";
				LD_RUNPATH_SEARCH_PATHS = (
					"$(inherited)",
					"@executable_path/../Frameworks",
					"@loader_path/../Frameworks",
				);
				PRODUCT_BUNDLE_IDENTIFIER = "bitsparks.com.Life-MachineUITests";
				PRODUCT_NAME = "$(TARGET_NAME)";
				SWIFT_VERSION = 5.0;
				TEST_TARGET_NAME = "Life Machine";
			};
			name = Debug;
		};
		7F96EB3C222D0A6E007E4528 /* Release */ = {
			isa = XCBuildConfiguration;
			buildSettings = {
				ALWAYS_EMBED_SWIFT_STANDARD_LIBRARIES = YES;
				CODE_SIGN_STYLE = Automatic;
				COMBINE_HIDPI_IMAGES = YES;
				DEVELOPMENT_TEAM = 238U5ZFPU8;
				INFOPLIST_FILE = "Life MachineUITests/Info.plist";
				LD_RUNPATH_SEARCH_PATHS = (
					"$(inherited)",
					"@executable_path/../Frameworks",
					"@loader_path/../Frameworks",
				);
				PRODUCT_BUNDLE_IDENTIFIER = "bitsparks.com.Life-MachineUITests";
				PRODUCT_NAME = "$(TARGET_NAME)";
				SWIFT_VERSION = 5.0;
				TEST_TARGET_NAME = "Life Machine";
			};
			name = Release;
		};
/* End XCBuildConfiguration section */

/* Begin XCConfigurationList section */
		7F96EB09222D0A6C007E4528 /* Build configuration list for PBXProject "Life Machine" */ = {
			isa = XCConfigurationList;
			buildConfigurations = (
				7F96EB32222D0A6E007E4528 /* Debug */,
				7F96EB33222D0A6E007E4528 /* Release */,
			);
			defaultConfigurationIsVisible = 0;
			defaultConfigurationName = Release;
		};
		7F96EB34222D0A6E007E4528 /* Build configuration list for PBXNativeTarget "Life Machine" */ = {
			isa = XCConfigurationList;
			buildConfigurations = (
				7F96EB35222D0A6E007E4528 /* Debug */,
				7F96EB36222D0A6E007E4528 /* Release */,
			);
			defaultConfigurationIsVisible = 0;
			defaultConfigurationName = Release;
		};
		7F96EB37222D0A6E007E4528 /* Build configuration list for PBXNativeTarget "Life MachineTests" */ = {
			isa = XCConfigurationList;
			buildConfigurations = (
				7F96EB38222D0A6E007E4528 /* Debug */,
				7F96EB39222D0A6E007E4528 /* Release */,
			);
			defaultConfigurationIsVisible = 0;
			defaultConfigurationName = Release;
		};
		7F96EB3A222D0A6E007E4528 /* Build configuration list for PBXNativeTarget "Life MachineUITests" */ = {
			isa = XCConfigurationList;
			buildConfigurations = (
				7F96EB3B222D0A6E007E4528 /* Debug */,
				7F96EB3C222D0A6E007E4528 /* Release */,
			);
			defaultConfigurationIsVisible = 0;
			defaultConfigurationName = Release;
		};
/* End XCConfigurationList section */
	};
	rootObject = 7F96EB06222D0A6C007E4528 /* Project object */;
}
